// !$*UTF8*$!
{
	archiveVersion = 1;
	classes = {
	};
	objectVersion = 56;
	objects = {

/* Begin PBXBuildFile section */
		1807FE30299298B500CA795C /* Budget.swift in Sources */ = {isa = PBXBuildFile; fileRef = 1807FE2F299298B500CA795C /* Budget.swift */; };
		182E212629949EF00072E8C7 /* Goodplace.swift in Sources */ = {isa = PBXBuildFile; fileRef = 182E212529949EF00072E8C7 /* Goodplace.swift */; };
		18F07DE72991DECD0005D5FE /* TravelGuideApp.swift in Sources */ = {isa = PBXBuildFile; fileRef = 18F07DE62991DECD0005D5FE /* TravelGuideApp.swift */; };
		18F07DEB2991DECF0005D5FE /* Assets.xcassets in Resources */ = {isa = PBXBuildFile; fileRef = 18F07DEA2991DECF0005D5FE /* Assets.xcassets */; };
		18F07DEE2991DECF0005D5FE /* Preview Assets.xcassets in Resources */ = {isa = PBXBuildFile; fileRef = 18F07DED2991DECF0005D5FE /* Preview Assets.xcassets */; };
		18F07DF62991E2110005D5FE /* SexSelection.swift in Sources */ = {isa = PBXBuildFile; fileRef = 18F07DF52991E2110005D5FE /* SexSelection.swift */; };
		18F07DF82991E42C0005D5FE /* age.swift in Sources */ = {isa = PBXBuildFile; fileRef = 18F07DF72991E42C0005D5FE /* age.swift */; };
		18F07DFA2991E8D10005D5FE /* interests.swift in Sources */ = {isa = PBXBuildFile; fileRef = 18F07DF92991E8D10005D5FE /* interests.swift */; };
		18F07DFC2991EC6F0005D5FE /* member numbers.swift in Sources */ = {isa = PBXBuildFile; fileRef = 18F07DFB2991EC6F0005D5FE /* member numbers.swift */; };
		18F07DFE2991ECB90005D5FE /* cityrecommendation.swift in Sources */ = {isa = PBXBuildFile; fileRef = 18F07DFD2991ECB90005D5FE /* cityrecommendation.swift */; };
		18F07E002991ECEC0005D5FE /* Destination.swift in Sources */ = {isa = PBXBuildFile; fileRef = 18F07DFF2991ECEC0005D5FE /* Destination.swift */; };
		18F07E022991F7600005D5FE /* reason.swift in Sources */ = {isa = PBXBuildFile; fileRef = 18F07E012991F7600005D5FE /* reason.swift */; };
/* End PBXBuildFile section */

/* Begin PBXFileReference section */
		1807FE2F299298B500CA795C /* Budget.swift */ = {isa = PBXFileReference; lastKnownFileType = sourcecode.swift; path = Budget.swift; sourceTree = "<group>"; };
		182E212529949EF00072E8C7 /* Goodplace.swift */ = {isa = PBXFileReference; lastKnownFileType = sourcecode.swift; path = Goodplace.swift; sourceTree = "<group>"; };
		18F07DE32991DECD0005D5FE /* TravelGuide.app */ = {isa = PBXFileReference; explicitFileType = wrapper.application; includeInIndex = 0; path = TravelGuide.app; sourceTree = BUILT_PRODUCTS_DIR; };
		18F07DE62991DECD0005D5FE /* TravelGuideApp.swift */ = {isa = PBXFileReference; lastKnownFileType = sourcecode.swift; path = TravelGuideApp.swift; sourceTree = "<group>"; };
		18F07DEA2991DECF0005D5FE /* Assets.xcassets */ = {isa = PBXFileReference; lastKnownFileType = folder.assetcatalog; path = Assets.xcassets; sourceTree = "<group>"; };
		18F07DED2991DECF0005D5FE /* Preview Assets.xcassets */ = {isa = PBXFileReference; lastKnownFileType = folder.assetcatalog; path = "Preview Assets.xcassets"; sourceTree = "<group>"; };
		18F07DF52991E2110005D5FE /* SexSelection.swift */ = {isa = PBXFileReference; lastKnownFileType = sourcecode.swift; path = SexSelection.swift; sourceTree = "<group>"; };
		18F07DF72991E42C0005D5FE /* age.swift */ = {isa = PBXFileReference; lastKnownFileType = sourcecode.swift; path = age.swift; sourceTree = "<group>"; };
		18F07DF92991E8D10005D5FE /* interests.swift */ = {isa = PBXFileReference; lastKnownFileType = sourcecode.swift; path = interests.swift; sourceTree = "<group>"; };
		18F07DFB2991EC6F0005D5FE /* member numbers.swift */ = {isa = PBXFileReference; lastKnownFileType = sourcecode.swift; path = "member numbers.swift"; sourceTree = "<group>"; };
		18F07DFD2991ECB90005D5FE /* cityrecommendation.swift */ = {isa = PBXFileReference; lastKnownFileType = sourcecode.swift; path = cityrecommendation.swift; sourceTree = "<group>"; };
		18F07DFF2991ECEC0005D5FE /* Destination.swift */ = {isa = PBXFileReference; lastKnownFileType = sourcecode.swift; path = Destination.swift; sourceTree = "<group>"; };
		18F07E012991F7600005D5FE /* reason.swift */ = {isa = PBXFileReference; lastKnownFileType = sourcecode.swift; path = reason.swift; sourceTree = "<group>"; };
/* End PBXFileReference section */

/* Begin PBXFrameworksBuildPhase section */
		18F07DE02991DECD0005D5FE /* Frameworks */ = {
			isa = PBXFrameworksBuildPhase;
			buildActionMask = 2147483647;
			files = (
			);
			runOnlyForDeploymentPostprocessing = 0;
		};
/* End PBXFrameworksBuildPhase section */

/* Begin PBXGroup section */
		180939842994782B004C44FA /* Model */ = {
			isa = PBXGroup;
			children = (
			);
			path = Model;
			sourceTree = "<group>";
		};
		18F07DDA2991DECD0005D5FE = {
			isa = PBXGroup;
			children = (
				18F07DE52991DECD0005D5FE /* TravelGuide */,
				18F07DE42991DECD0005D5FE /* Products */,
			);
			sourceTree = "<group>";
		};
		18F07DE42991DECD0005D5FE /* Products */ = {
			isa = PBXGroup;
			children = (
				18F07DE32991DECD0005D5FE /* TravelGuide.app */,
			);
			name = Products;
			sourceTree = "<group>";
		};
		18F07DE52991DECD0005D5FE /* TravelGuide */ = {
			isa = PBXGroup;
			children = (
				18F07DE62991DECD0005D5FE /* TravelGuideApp.swift */,
				18F07DF42991E18E0005D5FE /* Views */,
				18F07DEA2991DECF0005D5FE /* Assets.xcassets */,
				18F07DEC2991DECF0005D5FE /* Preview Content */,
			);
			path = TravelGuide;
			sourceTree = "<group>";
		};
		18F07DEC2991DECF0005D5FE /* Preview Content */ = {
			isa = PBXGroup;
			children = (
				18F07DED2991DECF0005D5FE /* Preview Assets.xcassets */,
			);
			path = "Preview Content";
			sourceTree = "<group>";
		};
		18F07DF42991E18E0005D5FE /* Views */ = {
			isa = PBXGroup;
			children = (
				18F07DF52991E2110005D5FE /* SexSelection.swift */,
				18F07DF72991E42C0005D5FE /* age.swift */,
				18F07DFB2991EC6F0005D5FE /* member numbers.swift */,
				18F07DF92991E8D10005D5FE /* interests.swift */,
				18F07DFD2991ECB90005D5FE /* cityrecommendation.swift */,
				18F07DFF2991ECEC0005D5FE /* Destination.swift */,
				18F07E012991F7600005D5FE /* reason.swift */,
				182E212529949EF00072E8C7 /* Goodplace.swift */,
				1807FE2F299298B500CA795C /* Budget.swift */,
				180939842994782B004C44FA /* Model */,
			);
			path = Views;
			sourceTree = "<group>";
		};
/* End PBXGroup section */

/* Begin PBXNativeTarget section */
		18F07DE22991DECD0005D5FE /* TravelGuide */ = {
			isa = PBXNativeTarget;
			buildConfigurationList = 18F07DF12991DECF0005D5FE /* Build configuration list for PBXNativeTarget "TravelGuide" */;
			buildPhases = (
				18F07DDF2991DECD0005D5FE /* Sources */,
				18F07DE02991DECD0005D5FE /* Frameworks */,
				18F07DE12991DECD0005D5FE /* Resources */,
			);
			buildRules = (
			);
			dependencies = (
			);
			name = TravelGuide;
			productName = TravelGuide;
			productReference = 18F07DE32991DECD0005D5FE /* TravelGuide.app */;
			productType = "com.apple.product-type.application";
		};
/* End PBXNativeTarget section */

/* Begin PBXProject section */
		18F07DDB2991DECD0005D5FE /* Project object */ = {
			isa = PBXProject;
			attributes = {
				BuildIndependentTargetsInParallel = 1;
				LastSwiftUpdateCheck = 1420;
				LastUpgradeCheck = 1420;
				TargetAttributes = {
					18F07DE22991DECD0005D5FE = {
						CreatedOnToolsVersion = 14.2;
					};
				};
			};
			buildConfigurationList = 18F07DDE2991DECD0005D5FE /* Build configuration list for PBXProject "TravelGuide" */;
			compatibilityVersion = "Xcode 14.0";
			developmentRegion = en;
			hasScannedForEncodings = 0;
			knownRegions = (
				en,
				Base,
			);
			mainGroup = 18F07DDA2991DECD0005D5FE;
			productRefGroup = 18F07DE42991DECD0005D5FE /* Products */;
			projectDirPath = "";
			projectRoot = "";
			targets = (
				18F07DE22991DECD0005D5FE /* TravelGuide */,
			);
		};
/* End PBXProject section */

/* Begin PBXResourcesBuildPhase section */
		18F07DE12991DECD0005D5FE /* Resources */ = {
			isa = PBXResourcesBuildPhase;
			buildActionMask = 2147483647;
			files = (
				18F07DEE2991DECF0005D5FE /* Preview Assets.xcassets in Resources */,
				18F07DEB2991DECF0005D5FE /* Assets.xcassets in Resources */,
			);
			runOnlyForDeploymentPostprocessing = 0;
		};
/* End PBXResourcesBuildPhase section */

/* Begin PBXSourcesBuildPhase section */
		18F07DDF2991DECD0005D5FE /* Sources */ = {
			isa = PBXSourcesBuildPhase;
			buildActionMask = 2147483647;
			files = (
				18F07DE72991DECD0005D5FE /* TravelGuideApp.swift in Sources */,
				18F07DFE2991ECB90005D5FE /* cityrecommendation.swift in Sources */,
				18F07DF62991E2110005D5FE /* SexSelection.swift in Sources */,
				18F07DF82991E42C0005D5FE /* age.swift in Sources */,
				18F07DFC2991EC6F0005D5FE /* member numbers.swift in Sources */,
				1807FE30299298B500CA795C /* Budget.swift in Sources */,
				182E212629949EF00072E8C7 /* Goodplace.swift in Sources */,
				18F07DFA2991E8D10005D5FE /* interests.swift in Sources */,
				18F07E002991ECEC0005D5FE /* Destination.swift in Sources */,
				18F07E022991F7600005D5FE /* reason.swift in Sources */,
			);
			runOnlyForDeploymentPostprocessing = 0;
		};
/* End PBXSourcesBuildPhase section */

/* Begin XCBuildConfiguration section */
		18F07DEF2991DECF0005D5FE /* Debug */ = {
			isa = XCBuildConfiguration;
			buildSettings = {
				ALWAYS_SEARCH_USER_PATHS = NO;
				CLANG_ANALYZER_NONNULL = YES;
				CLANG_ANALYZER_NUMBER_OBJECT_CONVERSION = YES_AGGRESSIVE;
				CLANG_CXX_LANGUAGE_STANDARD = "gnu++20";
				CLANG_ENABLE_MODULES = YES;
				CLANG_ENABLE_OBJC_ARC = YES;
				CLANG_ENABLE_OBJC_WEAK = YES;
				CLANG_WARN_BLOCK_CAPTURE_AUTORELEASING = YES;
				CLANG_WARN_BOOL_CONVERSION = YES;
				CLANG_WARN_COMMA = YES;
				CLANG_WARN_CONSTANT_CONVERSION = YES;
				CLANG_WARN_DEPRECATED_OBJC_IMPLEMENTATIONS = YES;
				CLANG_WARN_DIRECT_OBJC_ISA_USAGE = YES_ERROR;
				CLANG_WARN_DOCUMENTATION_COMMENTS = YES;
				CLANG_WARN_EMPTY_BODY = YES;
				CLANG_WARN_ENUM_CONVERSION = YES;
				CLANG_WARN_INFINITE_RECURSION = YES;
				CLANG_WARN_INT_CONVERSION = YES;
				CLANG_WARN_NON_LITERAL_NULL_CONVERSION = YES;
				CLANG_WARN_OBJC_IMPLICIT_RETAIN_SELF = YES;
				CLANG_WARN_OBJC_LITERAL_CONVERSION = YES;
				CLANG_WARN_OBJC_ROOT_CLASS = YES_ERROR;
				CLANG_WARN_QUOTED_INCLUDE_IN_FRAMEWORK_HEADER = YES;
				CLANG_WARN_RANGE_LOOP_ANALYSIS = YES;
				CLANG_WARN_STRICT_PROTOTYPES = YES;
				CLANG_WARN_SUSPICIOUS_MOVE = YES;
				CLANG_WARN_UNGUARDED_AVAILABILITY = YES_AGGRESSIVE;
				CLANG_WARN_UNREACHABLE_CODE = YES;
				CLANG_WARN__DUPLICATE_METHOD_MATCH = YES;
				COPY_PHASE_STRIP = NO;
				DEBUG_INFORMATION_FORMAT = dwarf;
				ENABLE_STRICT_OBJC_MSGSEND = YES;
				ENABLE_TESTABILITY = YES;
				GCC_C_LANGUAGE_STANDARD = gnu11;
				GCC_DYNAMIC_NO_PIC = NO;
				GCC_NO_COMMON_BLOCKS = YES;
				GCC_OPTIMIZATION_LEVEL = 0;
				GCC_PREPROCESSOR_DEFINITIONS = (
					"DEBUG=1",
					"$(inherited)",
				);
				GCC_WARN_64_TO_32_BIT_CONVERSION = YES;
				GCC_WARN_ABOUT_RETURN_TYPE = YES_ERROR;
				GCC_WARN_UNDECLARED_SELECTOR = YES;
				GCC_WARN_UNINITIALIZED_AUTOS = YES_AGGRESSIVE;
				GCC_WARN_UNUSED_FUNCTION = YES;
				GCC_WARN_UNUSED_VARIABLE = YES;
				IPHONEOS_DEPLOYMENT_TARGET = 16.2;
				MTL_ENABLE_DEBUG_INFO = INCLUDE_SOURCE;
				MTL_FAST_MATH = YES;
				ONLY_ACTIVE_ARCH = YES;
				SDKROOT = iphoneos;
				SWIFT_ACTIVE_COMPILATION_CONDITIONS = DEBUG;
				SWIFT_OPTIMIZATION_LEVEL = "-Onone";
			};
			name = Debug;
		};
		18F07DF02991DECF0005D5FE /* Release */ = {
			isa = XCBuildConfiguration;
			buildSettings = {
				ALWAYS_SEARCH_USER_PATHS = NO;
				CLANG_ANALYZER_NONNULL = YES;
				CLANG_ANALYZER_NUMBER_OBJECT_CONVERSION = YES_AGGRESSIVE;
				CLANG_CXX_LANGUAGE_STANDARD = "gnu++20";
				CLANG_ENABLE_MODULES = YES;
				CLANG_ENABLE_OBJC_ARC = YES;
				CLANG_ENABLE_OBJC_WEAK = YES;
				CLANG_WARN_BLOCK_CAPTURE_AUTORELEASING = YES;
				CLANG_WARN_BOOL_CONVERSION = YES;
				CLANG_WARN_COMMA = YES;
				CLANG_WARN_CONSTANT_CONVERSION = YES;
				CLANG_WARN_DEPRECATED_OBJC_IMPLEMENTATIONS = YES;
				CLANG_WARN_DIRECT_OBJC_ISA_USAGE = YES_ERROR;
				CLANG_WARN_DOCUMENTATION_COMMENTS = YES;
				CLANG_WARN_EMPTY_BODY = YES;
				CLANG_WARN_ENUM_CONVERSION = YES;
				CLANG_WARN_INFINITE_RECURSION = YES;
				CLANG_WARN_INT_CONVERSION = YES;
				CLANG_WARN_NON_LITERAL_NULL_CONVERSION = YES;
				CLANG_WARN_OBJC_IMPLICIT_RETAIN_SELF = YES;
				CLANG_WARN_OBJC_LITERAL_CONVERSION = YES;
				CLANG_WARN_OBJC_ROOT_CLASS = YES_ERROR;
				CLANG_WARN_QUOTED_INCLUDE_IN_FRAMEWORK_HEADER = YES;
				CLANG_WARN_RANGE_LOOP_ANALYSIS = YES;
				CLANG_WARN_STRICT_PROTOTYPES = YES;
				CLANG_WARN_SUSPICIOUS_MOVE = YES;
				CLANG_WARN_UNGUARDED_AVAILABILITY = YES_AGGRESSIVE;
				CLANG_WARN_UNREACHABLE_CODE = YES;
				CLANG_WARN__DUPLICATE_METHOD_MATCH = YES;
				COPY_PHASE_STRIP = NO;
				DEBUG_INFORMATION_FORMAT = "dwarf-with-dsym";
				ENABLE_NS_ASSERTIONS = NO;
				ENABLE_STRICT_OBJC_MSGSEND = YES;
				GCC_C_LANGUAGE_STANDARD = gnu11;
				GCC_NO_COMMON_BLOCKS = YES;
				GCC_WARN_64_TO_32_BIT_CONVERSION = YES;
				GCC_WARN_ABOUT_RETURN_TYPE = YES_ERROR;
				GCC_WARN_UNDECLARED_SELECTOR = YES;
				GCC_WARN_UNINITIALIZED_AUTOS = YES_AGGRESSIVE;
				GCC_WARN_UNUSED_FUNCTION = YES;
				GCC_WARN_UNUSED_VARIABLE = YES;
				IPHONEOS_DEPLOYMENT_TARGET = 16.2;
				MTL_ENABLE_DEBUG_INFO = NO;
				MTL_FAST_MATH = YES;
				SDKROOT = iphoneos;
				SWIFT_COMPILATION_MODE = wholemodule;
				SWIFT_OPTIMIZATION_LEVEL = "-O";
				VALIDATE_PRODUCT = YES;
			};
			name = Release;
		};
		18F07DF22991DECF0005D5FE /* Debug */ = {
			isa = XCBuildConfiguration;
			buildSettings = {
				ASSETCATALOG_COMPILER_APPICON_NAME = AppIcon;
				ASSETCATALOG_COMPILER_GLOBAL_ACCENT_COLOR_NAME = AccentColor;
				CODE_SIGN_STYLE = Automatic;
				CURRENT_PROJECT_VERSION = 1;
				DEVELOPMENT_ASSET_PATHS = "\"TravelGuide/Preview Content\"";
				DEVELOPMENT_TEAM = 4BGJTWJ49Q;
				ENABLE_PREVIEWS = YES;
				GENERATE_INFOPLIST_FILE = YES;
				INFOPLIST_KEY_UIApplicationSceneManifest_Generation = YES;
				INFOPLIST_KEY_UIApplicationSupportsIndirectInputEvents = YES;
				INFOPLIST_KEY_UILaunchScreen_Generation = YES;
				INFOPLIST_KEY_UISupportedInterfaceOrientations_iPad = "UIInterfaceOrientationPortrait UIInterfaceOrientationPortraitUpsideDown UIInterfaceOrientationLandscapeLeft UIInterfaceOrientationLandscapeRight";
				INFOPLIST_KEY_UISupportedInterfaceOrientations_iPhone = "UIInterfaceOrientationPortrait UIInterfaceOrientationLandscapeLeft UIInterfaceOrientationLandscapeRight";
				LD_RUNPATH_SEARCH_PATHS = (
					"$(inherited)",
					"@executable_path/Frameworks",
				);
				MARKETING_VERSION = 1.0;
				PRODUCT_BUNDLE_IDENTIFIER = grace.TravelGuide;
				PRODUCT_NAME = "$(TARGET_NAME)";
				SWIFT_EMIT_LOC_STRINGS = YES;
				SWIFT_VERSION = 5.0;
				TARGETED_DEVICE_FAMILY = "1,2";
			};
			name = Debug;
		};
		18F07DF32991DECF0005D5FE /* Release */ = {
			isa = XCBuildConfiguration;
			buildSettings = {
				ASSETCATALOG_COMPILER_APPICON_NAME = AppIcon;
				ASSETCATALOG_COMPILER_GLOBAL_ACCENT_COLOR_NAME = AccentColor;
				CODE_SIGN_STYLE = Automatic;
				CURRENT_PROJECT_VERSION = 1;
				DEVELOPMENT_ASSET_PATHS = "\"TravelGuide/Preview Content\"";
				DEVELOPMENT_TEAM = 4BGJTWJ49Q;
				ENABLE_PREVIEWS = YES;
				GENERATE_INFOPLIST_FILE = YES;
				INFOPLIST_KEY_UIApplicationSceneManifest_Generation = YES;
				INFOPLIST_KEY_UIApplicationSupportsIndirectInputEvents = YES;
				INFOPLIST_KEY_UILaunchScreen_Generation = YES;
				INFOPLIST_KEY_UISupportedInterfaceOrientations_iPad = "UIInterfaceOrientationPortrait UIInterfaceOrientationPortraitUpsideDown UIInterfaceOrientationLandscapeLeft UIInterfaceOrientationLandscapeRight";
				INFOPLIST_KEY_UISupportedInterfaceOrientations_iPhone = "UIInterfaceOrientationPortrait UIInterfaceOrientationLandscapeLeft UIInterfaceOrientationLandscapeRight";
				LD_RUNPATH_SEARCH_PATHS = (
					"$(inherited)",
					"@executable_path/Frameworks",
				);
				MARKETING_VERSION = 1.0;
				PRODUCT_BUNDLE_IDENTIFIER = grace.TravelGuide;
				PRODUCT_NAME = "$(TARGET_NAME)";
				SWIFT_EMIT_LOC_STRINGS = YES;
				SWIFT_VERSION = 5.0;
				TARGETED_DEVICE_FAMILY = "1,2";
			};
			name = Release;
		};
/* End XCBuildConfiguration section */

/* Begin XCConfigurationList section */
		18F07DDE2991DECD0005D5FE /* Build configuration list for PBXProject "TravelGuide" */ = {
			isa = XCConfigurationList;
			buildConfigurations = (
				18F07DEF2991DECF0005D5FE /* Debug */,
				18F07DF02991DECF0005D5FE /* Release */,
			);
			defaultConfigurationIsVisible = 0;
			defaultConfigurationName = Release;
		};
		18F07DF12991DECF0005D5FE /* Build configuration list for PBXNativeTarget "TravelGuide" */ = {
			isa = XCConfigurationList;
			buildConfigurations = (
				18F07DF22991DECF0005D5FE /* Debug */,
				18F07DF32991DECF0005D5FE /* Release */,
			);
			defaultConfigurationIsVisible = 0;
			defaultConfigurationName = Release;
		};
/* End XCConfigurationList section */
	};
	rootObject = 18F07DDB2991DECD0005D5FE /* Project object */;
}
